// !$*UTF8*$!
{
	archiveVersion = 1;
	classes = {
	};
	objectVersion = 46;
	objects = {

/* Begin PBXBuildFile section */
		AC049D051CB7C449006A8F21 /* SearchViewController.m in Sources */ = {isa = PBXBuildFile; fileRef = AC049D041CB7C449006A8F21 /* SearchViewController.m */; };
		AC049D081CB7C47F006A8F21 /* HomeViewController.m in Sources */ = {isa = PBXBuildFile; fileRef = AC049D071CB7C47F006A8F21 /* HomeViewController.m */; };
		AC049D0B1CB7C490006A8F21 /* BaseViewController.m in Sources */ = {isa = PBXBuildFile; fileRef = AC049D0A1CB7C490006A8F21 /* BaseViewController.m */; };
		AC049D0E1CB7C7E5006A8F21 /* SearchCollectionViewCell.m in Sources */ = {isa = PBXBuildFile; fileRef = AC049D0D1CB7C7E5006A8F21 /* SearchCollectionViewCell.m */; };
		AC049D111CB7C86A006A8F21 /* SearchFilterSortView.m in Sources */ = {isa = PBXBuildFile; fileRef = AC049D101CB7C86A006A8F21 /* SearchFilterSortView.m */; };
		AC049D161CB7C95D006A8F21 /* UIView+NibLoadView.m in Sources */ = {isa = PBXBuildFile; fileRef = AC049D151CB7C95D006A8F21 /* UIView+NibLoadView.m */; };
		AC049D1E1CBBBA0A006A8F21 /* SearchTitleView.m in Sources */ = {isa = PBXBuildFile; fileRef = AC049D1D1CBBBA0A006A8F21 /* SearchTitleView.m */; };
		AC049D211CBBD2D7006A8F21 /* LoginViewController.m in Sources */ = {isa = PBXBuildFile; fileRef = AC049D201CBBD2D7006A8F21 /* LoginViewController.m */; };
		AC411E0D1CBF9693008B1E38 /* Model.xcdatamodeld in Sources */ = {isa = PBXBuildFile; fileRef = AC411E0B1CBF9693008B1E38 /* Model.xcdatamodeld */; };
		AC411E121CBF970A008B1E38 /* Advert+CoreDataProperties.m in Sources */ = {isa = PBXBuildFile; fileRef = AC411E0F1CBF970A008B1E38 /* Advert+CoreDataProperties.m */; };
		AC411E131CBF970A008B1E38 /* Advert.m in Sources */ = {isa = PBXBuildFile; fileRef = AC411E111CBF970A008B1E38 /* Advert.m */; };
		AC411E191CBF9892008B1E38 /* BaseManagadObject.m in Sources */ = {isa = PBXBuildFile; fileRef = AC411E181CBF9892008B1E38 /* BaseManagadObject.m */; };
		AC411E1C1CBF995A008B1E38 /* DB.m in Sources */ = {isa = PBXBuildFile; fileRef = AC411E1B1CBF995A008B1E38 /* DB.m */; };
		AC411E211CBF9CEF008B1E38 /* Image+CoreDataProperties.m in Sources */ = {isa = PBXBuildFile; fileRef = AC411E1E1CBF9CEF008B1E38 /* Image+CoreDataProperties.m */; };
		AC411E221CBF9CEF008B1E38 /* Image.m in Sources */ = {isa = PBXBuildFile; fileRef = AC411E201CBF9CEF008B1E38 /* Image.m */; };
		AC411E261CBFA220008B1E38 /* ImageCacheUrlResolver.m in Sources */ = {isa = PBXBuildFile; fileRef = AC411E251CBFA220008B1E38 /* ImageCacheUrlResolver.m */; };
		AC411E291CBFA6D0008B1E38 /* NSDate+Extended.m in Sources */ = {isa = PBXBuildFile; fileRef = AC411E281CBFA6D0008B1E38 /* NSDate+Extended.m */; };
		AC411E2C1CBFB832008B1E38 /* ImageLoader.m in Sources */ = {isa = PBXBuildFile; fileRef = AC411E2B1CBFB832008B1E38 /* ImageLoader.m */; };
		AC411E301CBFBB30008B1E38 /* BackgroundImageView.m in Sources */ = {isa = PBXBuildFile; fileRef = AC411E2F1CBFBB30008B1E38 /* BackgroundImageView.m */; };
		AC411E331CBFBE94008B1E38 /* GUIDCreator.m in Sources */ = {isa = PBXBuildFile; fileRef = AC411E321CBFBE94008B1E38 /* GUIDCreator.m */; };
		AC411E361CC0EFB8008B1E38 /* SerachCollectionViewLayout.m in Sources */ = {isa = PBXBuildFile; fileRef = AC411E351CC0EFB8008B1E38 /* SerachCollectionViewLayout.m */; };
		AC411E381CC0F170008B1E38 /* SearchFilterSortView.xib in Resources */ = {isa = PBXBuildFile; fileRef = AC411E371CC0F170008B1E38 /* SearchFilterSortView.xib */; };
		AC411E3A1CC0F309008B1E38 /* SearchTitleView.xib in Resources */ = {isa = PBXBuildFile; fileRef = AC411E391CC0F309008B1E38 /* SearchTitleView.xib */; };
		AC411E3F1CC4E373008B1E38 /* Advert+Parce.m in Sources */ = {isa = PBXBuildFile; fileRef = AC411E3E1CC4E373008B1E38 /* Advert+Parce.m */; };
		AC411E421CC5002E008B1E38 /* NSDictionary+HandleNil.m in Sources */ = {isa = PBXBuildFile; fileRef = AC411E411CC5002E008B1E38 /* NSDictionary+HandleNil.m */; };
		AC68C45D1CB51C1F004B78DF /* main.m in Sources */ = {isa = PBXBuildFile; fileRef = AC68C45C1CB51C1F004B78DF /* main.m */; };
		AC68C4601CB51C1F004B78DF /* AppDelegate.m in Sources */ = {isa = PBXBuildFile; fileRef = AC68C45F1CB51C1F004B78DF /* AppDelegate.m */; };
		AC68C4661CB51C1F004B78DF /* Main.storyboard in Resources */ = {isa = PBXBuildFile; fileRef = AC68C4641CB51C1F004B78DF /* Main.storyboard */; };
		AC68C4681CB51C1F004B78DF /* Assets.xcassets in Resources */ = {isa = PBXBuildFile; fileRef = AC68C4671CB51C1F004B78DF /* Assets.xcassets */; };
		AC68C46B1CB51C20004B78DF /* LaunchScreen.storyboard in Resources */ = {isa = PBXBuildFile; fileRef = AC68C4691CB51C20004B78DF /* LaunchScreen.storyboard */; };
		AC68C4771CB53F3D004B78DF /* CALayer+BorderUIColor.m in Sources */ = {isa = PBXBuildFile; fileRef = AC68C4761CB53F3D004B78DF /* CALayer+BorderUIColor.m */; };
		AC68C47D1CB63F1B004B78DF /* brandon_bld.otf in Resources */ = {isa = PBXBuildFile; fileRef = AC68C47B1CB63F1B004B78DF /* brandon_bld.otf */; };
		AC68C47E1CB63F1B004B78DF /* brandon_reg.otf in Resources */ = {isa = PBXBuildFile; fileRef = AC68C47C1CB63F1B004B78DF /* brandon_reg.otf */; };
		AC68C4811CB64241004B78DF /* TextFieldBorderBottom.m in Sources */ = {isa = PBXBuildFile; fileRef = AC68C4801CB64241004B78DF /* TextFieldBorderBottom.m */; };
		AC68C4841CB64966004B78DF /* SellViewController.m in Sources */ = {isa = PBXBuildFile; fileRef = AC68C4831CB64966004B78DF /* SellViewController.m */; };
		AC68C4891CB6534A004B78DF /* UIImage+ExtendedImage.m in Sources */ = {isa = PBXBuildFile; fileRef = AC68C4881CB6534A004B78DF /* UIImage+ExtendedImage.m */; };
		AC68C48C1CB67090004B78DF /* ImageCollectionViewCell.m in Sources */ = {isa = PBXBuildFile; fileRef = AC68C48B1CB67090004B78DF /* ImageCollectionViewCell.m */; };
		AC68C4921CB68865004B78DF /* PaddingTextField.m in Sources */ = {isa = PBXBuildFile; fileRef = AC68C4911CB68865004B78DF /* PaddingTextField.m */; };
		ACDC246A1CBCF610003E9715 /* RadioButton.m in Sources */ = {isa = PBXBuildFile; fileRef = ACDC24691CBCF610003E9715 /* RadioButton.m */; };
		ACDC246D1CBE8308003E9715 /* TitleTextContainerView.m in Sources */ = {isa = PBXBuildFile; fileRef = ACDC246C1CBE8308003E9715 /* TitleTextContainerView.m */; };
		ACDC24721CBEAC5F003E9715 /* ProductDetailViewController.m in Sources */ = {isa = PBXBuildFile; fileRef = ACDC24711CBEAC5F003E9715 /* ProductDetailViewController.m */; };
/* End PBXBuildFile section */

/* Begin PBXFileReference section */
		AC049D031CB7C449006A8F21 /* SearchViewController.h */ = {isa = PBXFileReference; fileEncoding = 4; lastKnownFileType = sourcecode.c.h; path = SearchViewController.h; sourceTree = "<group>"; };
		AC049D041CB7C449006A8F21 /* SearchViewController.m */ = {isa = PBXFileReference; fileEncoding = 4; lastKnownFileType = sourcecode.c.objc; path = SearchViewController.m; sourceTree = "<group>"; };
		AC049D061CB7C47F006A8F21 /* HomeViewController.h */ = {isa = PBXFileReference; fileEncoding = 4; lastKnownFileType = sourcecode.c.h; path = HomeViewController.h; sourceTree = "<group>"; };
		AC049D071CB7C47F006A8F21 /* HomeViewController.m */ = {isa = PBXFileReference; fileEncoding = 4; lastKnownFileType = sourcecode.c.objc; path = HomeViewController.m; sourceTree = "<group>"; };
		AC049D091CB7C490006A8F21 /* BaseViewController.h */ = {isa = PBXFileReference; fileEncoding = 4; lastKnownFileType = sourcecode.c.h; path = BaseViewController.h; sourceTree = "<group>"; };
		AC049D0A1CB7C490006A8F21 /* BaseViewController.m */ = {isa = PBXFileReference; fileEncoding = 4; lastKnownFileType = sourcecode.c.objc; path = BaseViewController.m; sourceTree = "<group>"; };
		AC049D0C1CB7C7E5006A8F21 /* SearchCollectionViewCell.h */ = {isa = PBXFileReference; fileEncoding = 4; lastKnownFileType = sourcecode.c.h; path = SearchCollectionViewCell.h; sourceTree = "<group>"; };
		AC049D0D1CB7C7E5006A8F21 /* SearchCollectionViewCell.m */ = {isa = PBXFileReference; fileEncoding = 4; lastKnownFileType = sourcecode.c.objc; path = SearchCollectionViewCell.m; sourceTree = "<group>"; };
		AC049D0F1CB7C86A006A8F21 /* SearchFilterSortView.h */ = {isa = PBXFileReference; fileEncoding = 4; lastKnownFileType = sourcecode.c.h; path = SearchFilterSortView.h; sourceTree = "<group>"; };
		AC049D101CB7C86A006A8F21 /* SearchFilterSortView.m */ = {isa = PBXFileReference; fileEncoding = 4; lastKnownFileType = sourcecode.c.objc; path = SearchFilterSortView.m; sourceTree = "<group>"; };
		AC049D141CB7C95D006A8F21 /* UIView+NibLoadView.h */ = {isa = PBXFileReference; fileEncoding = 4; lastKnownFileType = sourcecode.c.h; path = "UIView+NibLoadView.h"; sourceTree = "<group>"; };
		AC049D151CB7C95D006A8F21 /* UIView+NibLoadView.m */ = {isa = PBXFileReference; fileEncoding = 4; lastKnownFileType = sourcecode.c.objc; path = "UIView+NibLoadView.m"; sourceTree = "<group>"; };
		AC049D1C1CBBBA0A006A8F21 /* SearchTitleView.h */ = {isa = PBXFileReference; fileEncoding = 4; lastKnownFileType = sourcecode.c.h; path = SearchTitleView.h; sourceTree = "<group>"; };
		AC049D1D1CBBBA0A006A8F21 /* SearchTitleView.m */ = {isa = PBXFileReference; fileEncoding = 4; lastKnownFileType = sourcecode.c.objc; path = SearchTitleView.m; sourceTree = "<group>"; };
		AC049D1F1CBBD2D7006A8F21 /* LoginViewController.h */ = {isa = PBXFileReference; fileEncoding = 4; lastKnownFileType = sourcecode.c.h; path = LoginViewController.h; sourceTree = "<group>"; };
		AC049D201CBBD2D7006A8F21 /* LoginViewController.m */ = {isa = PBXFileReference; fileEncoding = 4; lastKnownFileType = sourcecode.c.objc; path = LoginViewController.m; sourceTree = "<group>"; };
		AC411E0C1CBF9693008B1E38 /* Model.xcdatamodel */ = {isa = PBXFileReference; lastKnownFileType = wrapper.xcdatamodel; path = Model.xcdatamodel; sourceTree = "<group>"; };
		AC411E0E1CBF970A008B1E38 /* Advert+CoreDataProperties.h */ = {isa = PBXFileReference; fileEncoding = 4; lastKnownFileType = sourcecode.c.h; path = "Advert+CoreDataProperties.h"; sourceTree = "<group>"; };
		AC411E0F1CBF970A008B1E38 /* Advert+CoreDataProperties.m */ = {isa = PBXFileReference; fileEncoding = 4; lastKnownFileType = sourcecode.c.objc; path = "Advert+CoreDataProperties.m"; sourceTree = "<group>"; };
		AC411E101CBF970A008B1E38 /* Advert.h */ = {isa = PBXFileReference; fileEncoding = 4; lastKnownFileType = sourcecode.c.h; path = Advert.h; sourceTree = "<group>"; };
		AC411E111CBF970A008B1E38 /* Advert.m */ = {isa = PBXFileReference; fileEncoding = 4; lastKnownFileType = sourcecode.c.objc; path = Advert.m; sourceTree = "<group>"; };
		AC411E171CBF9892008B1E38 /* BaseManagadObject.h */ = {isa = PBXFileReference; fileEncoding = 4; lastKnownFileType = sourcecode.c.h; path = BaseManagadObject.h; sourceTree = "<group>"; };
		AC411E181CBF9892008B1E38 /* BaseManagadObject.m */ = {isa = PBXFileReference; fileEncoding = 4; lastKnownFileType = sourcecode.c.objc; path = BaseManagadObject.m; sourceTree = "<group>"; };
		AC411E1A1CBF995A008B1E38 /* DB.h */ = {isa = PBXFileReference; fileEncoding = 4; lastKnownFileType = sourcecode.c.h; path = DB.h; sourceTree = "<group>"; };
		AC411E1B1CBF995A008B1E38 /* DB.m */ = {isa = PBXFileReference; fileEncoding = 4; lastKnownFileType = sourcecode.c.objc; path = DB.m; sourceTree = "<group>"; };
		AC411E1D1CBF9CEF008B1E38 /* Image+CoreDataProperties.h */ = {isa = PBXFileReference; fileEncoding = 4; lastKnownFileType = sourcecode.c.h; path = "Image+CoreDataProperties.h"; sourceTree = "<group>"; };
		AC411E1E1CBF9CEF008B1E38 /* Image+CoreDataProperties.m */ = {isa = PBXFileReference; fileEncoding = 4; lastKnownFileType = sourcecode.c.objc; path = "Image+CoreDataProperties.m"; sourceTree = "<group>"; };
		AC411E1F1CBF9CEF008B1E38 /* Image.h */ = {isa = PBXFileReference; fileEncoding = 4; lastKnownFileType = sourcecode.c.h; path = Image.h; sourceTree = "<group>"; };
		AC411E201CBF9CEF008B1E38 /* Image.m */ = {isa = PBXFileReference; fileEncoding = 4; lastKnownFileType = sourcecode.c.objc; path = Image.m; sourceTree = "<group>"; };
		AC411E241CBFA220008B1E38 /* ImageCacheUrlResolver.h */ = {isa = PBXFileReference; fileEncoding = 4; lastKnownFileType = sourcecode.c.h; path = ImageCacheUrlResolver.h; sourceTree = "<group>"; };
		AC411E251CBFA220008B1E38 /* ImageCacheUrlResolver.m */ = {isa = PBXFileReference; fileEncoding = 4; lastKnownFileType = sourcecode.c.objc; path = ImageCacheUrlResolver.m; sourceTree = "<group>"; };
		AC411E271CBFA6D0008B1E38 /* NSDate+Extended.h */ = {isa = PBXFileReference; fileEncoding = 4; lastKnownFileType = sourcecode.c.h; path = "NSDate+Extended.h"; sourceTree = "<group>"; };
		AC411E281CBFA6D0008B1E38 /* NSDate+Extended.m */ = {isa = PBXFileReference; fileEncoding = 4; lastKnownFileType = sourcecode.c.objc; path = "NSDate+Extended.m"; sourceTree = "<group>"; };
		AC411E2A1CBFB832008B1E38 /* ImageLoader.h */ = {isa = PBXFileReference; fileEncoding = 4; lastKnownFileType = sourcecode.c.h; path = ImageLoader.h; sourceTree = "<group>"; };
		AC411E2B1CBFB832008B1E38 /* ImageLoader.m */ = {isa = PBXFileReference; fileEncoding = 4; lastKnownFileType = sourcecode.c.objc; path = ImageLoader.m; sourceTree = "<group>"; };
		AC411E2D1CBFBA37008B1E38 /* ImageProtocol.h */ = {isa = PBXFileReference; fileEncoding = 4; lastKnownFileType = sourcecode.c.h; path = ImageProtocol.h; sourceTree = "<group>"; };
		AC411E2E1CBFBB30008B1E38 /* BackgroundImageView.h */ = {isa = PBXFileReference; fileEncoding = 4; lastKnownFileType = sourcecode.c.h; path = BackgroundImageView.h; sourceTree = "<group>"; };
		AC411E2F1CBFBB30008B1E38 /* BackgroundImageView.m */ = {isa = PBXFileReference; fileEncoding = 4; lastKnownFileType = sourcecode.c.objc; path = BackgroundImageView.m; sourceTree = "<group>"; };
		AC411E311CBFBE94008B1E38 /* GUIDCreator.h */ = {isa = PBXFileReference; fileEncoding = 4; lastKnownFileType = sourcecode.c.h; path = GUIDCreator.h; sourceTree = "<group>"; };
		AC411E321CBFBE94008B1E38 /* GUIDCreator.m */ = {isa = PBXFileReference; fileEncoding = 4; lastKnownFileType = sourcecode.c.objc; path = GUIDCreator.m; sourceTree = "<group>"; };
		AC411E341CC0EFB8008B1E38 /* SerachCollectionViewLayout.h */ = {isa = PBXFileReference; fileEncoding = 4; lastKnownFileType = sourcecode.c.h; path = SerachCollectionViewLayout.h; sourceTree = "<group>"; };
		AC411E351CC0EFB8008B1E38 /* SerachCollectionViewLayout.m */ = {isa = PBXFileReference; fileEncoding = 4; lastKnownFileType = sourcecode.c.objc; path = SerachCollectionViewLayout.m; sourceTree = "<group>"; };
		AC411E371CC0F170008B1E38 /* SearchFilterSortView.xib */ = {isa = PBXFileReference; fileEncoding = 4; lastKnownFileType = file.xib; path = SearchFilterSortView.xib; sourceTree = "<group>"; };
		AC411E391CC0F309008B1E38 /* SearchTitleView.xib */ = {isa = PBXFileReference; fileEncoding = 4; lastKnownFileType = file.xib; path = SearchTitleView.xib; sourceTree = "<group>"; };
		AC411E3D1CC4E373008B1E38 /* Advert+Parce.h */ = {isa = PBXFileReference; fileEncoding = 4; lastKnownFileType = sourcecode.c.h; path = "Advert+Parce.h"; sourceTree = "<group>"; };
		AC411E3E1CC4E373008B1E38 /* Advert+Parce.m */ = {isa = PBXFileReference; fileEncoding = 4; lastKnownFileType = sourcecode.c.objc; path = "Advert+Parce.m"; sourceTree = "<group>"; };
		AC411E401CC5002E008B1E38 /* NSDictionary+HandleNil.h */ = {isa = PBXFileReference; fileEncoding = 4; lastKnownFileType = sourcecode.c.h; path = "NSDictionary+HandleNil.h"; sourceTree = "<group>"; };
		AC411E411CC5002E008B1E38 /* NSDictionary+HandleNil.m */ = {isa = PBXFileReference; fileEncoding = 4; lastKnownFileType = sourcecode.c.objc; path = "NSDictionary+HandleNil.m"; sourceTree = "<group>"; };
		AC68C4581CB51C1F004B78DF /* takestok.app */ = {isa = PBXFileReference; explicitFileType = wrapper.application; includeInIndex = 0; path = takestok.app; sourceTree = BUILT_PRODUCTS_DIR; };
		AC68C45C1CB51C1F004B78DF /* main.m */ = {isa = PBXFileReference; lastKnownFileType = sourcecode.c.objc; path = main.m; sourceTree = "<group>"; };
		AC68C45E1CB51C1F004B78DF /* AppDelegate.h */ = {isa = PBXFileReference; lastKnownFileType = sourcecode.c.h; path = AppDelegate.h; sourceTree = "<group>"; };
		AC68C45F1CB51C1F004B78DF /* AppDelegate.m */ = {isa = PBXFileReference; lastKnownFileType = sourcecode.c.objc; path = AppDelegate.m; sourceTree = "<group>"; };
		AC68C4651CB51C1F004B78DF /* Base */ = {isa = PBXFileReference; lastKnownFileType = file.storyboard; name = Base; path = Base.lproj/Main.storyboard; sourceTree = "<group>"; };
		AC68C4671CB51C1F004B78DF /* Assets.xcassets */ = {isa = PBXFileReference; lastKnownFileType = folder.assetcatalog; path = Assets.xcassets; sourceTree = "<group>"; };
		AC68C46A1CB51C20004B78DF /* Base */ = {isa = PBXFileReference; lastKnownFileType = file.storyboard; name = Base; path = Base.lproj/LaunchScreen.storyboard; sourceTree = "<group>"; };
		AC68C46C1CB51C20004B78DF /* Info.plist */ = {isa = PBXFileReference; lastKnownFileType = text.plist.xml; path = Info.plist; sourceTree = "<group>"; };
		AC68C4751CB53F3D004B78DF /* CALayer+BorderUIColor.h */ = {isa = PBXFileReference; fileEncoding = 4; lastKnownFileType = sourcecode.c.h; path = "CALayer+BorderUIColor.h"; sourceTree = "<group>"; };
		AC68C4761CB53F3D004B78DF /* CALayer+BorderUIColor.m */ = {isa = PBXFileReference; fileEncoding = 4; lastKnownFileType = sourcecode.c.objc; path = "CALayer+BorderUIColor.m"; sourceTree = "<group>"; };
		AC68C47B1CB63F1B004B78DF /* brandon_bld.otf */ = {isa = PBXFileReference; lastKnownFileType = file; path = brandon_bld.otf; sourceTree = "<group>"; };
		AC68C47C1CB63F1B004B78DF /* brandon_reg.otf */ = {isa = PBXFileReference; lastKnownFileType = file; path = brandon_reg.otf; sourceTree = "<group>"; };
		AC68C47F1CB64241004B78DF /* TextFieldBorderBottom.h */ = {isa = PBXFileReference; fileEncoding = 4; lastKnownFileType = sourcecode.c.h; path = TextFieldBorderBottom.h; sourceTree = "<group>"; };
		AC68C4801CB64241004B78DF /* TextFieldBorderBottom.m */ = {isa = PBXFileReference; fileEncoding = 4; lastKnownFileType = sourcecode.c.objc; path = TextFieldBorderBottom.m; sourceTree = "<group>"; };
		AC68C4821CB64966004B78DF /* SellViewController.h */ = {isa = PBXFileReference; fileEncoding = 4; lastKnownFileType = sourcecode.c.h; path = SellViewController.h; sourceTree = "<group>"; };
		AC68C4831CB64966004B78DF /* SellViewController.m */ = {isa = PBXFileReference; fileEncoding = 4; lastKnownFileType = sourcecode.c.objc; path = SellViewController.m; sourceTree = "<group>"; };
		AC68C4851CB65117004B78DF /* Constants.h */ = {isa = PBXFileReference; lastKnownFileType = sourcecode.c.h; path = Constants.h; sourceTree = "<group>"; };
		AC68C4861CB65227004B78DF /* takestok.pch */ = {isa = PBXFileReference; lastKnownFileType = sourcecode.c.h; path = takestok.pch; sourceTree = "<group>"; };
		AC68C4871CB6534A004B78DF /* UIImage+ExtendedImage.h */ = {isa = PBXFileReference; fileEncoding = 4; lastKnownFileType = sourcecode.c.h; path = "UIImage+ExtendedImage.h"; sourceTree = "<group>"; };
		AC68C4881CB6534A004B78DF /* UIImage+ExtendedImage.m */ = {isa = PBXFileReference; fileEncoding = 4; lastKnownFileType = sourcecode.c.objc; path = "UIImage+ExtendedImage.m"; sourceTree = "<group>"; };
		AC68C48A1CB67090004B78DF /* ImageCollectionViewCell.h */ = {isa = PBXFileReference; fileEncoding = 4; lastKnownFileType = sourcecode.c.h; path = ImageCollectionViewCell.h; sourceTree = "<group>"; };
		AC68C48B1CB67090004B78DF /* ImageCollectionViewCell.m */ = {isa = PBXFileReference; fileEncoding = 4; lastKnownFileType = sourcecode.c.objc; path = ImageCollectionViewCell.m; sourceTree = "<group>"; };
		AC68C4901CB68865004B78DF /* PaddingTextField.h */ = {isa = PBXFileReference; fileEncoding = 4; lastKnownFileType = sourcecode.c.h; path = PaddingTextField.h; sourceTree = "<group>"; };
		AC68C4911CB68865004B78DF /* PaddingTextField.m */ = {isa = PBXFileReference; fileEncoding = 4; lastKnownFileType = sourcecode.c.objc; path = PaddingTextField.m; sourceTree = "<group>"; };
		ACDC24681CBCF610003E9715 /* RadioButton.h */ = {isa = PBXFileReference; fileEncoding = 4; lastKnownFileType = sourcecode.c.h; path = RadioButton.h; sourceTree = "<group>"; };
		ACDC24691CBCF610003E9715 /* RadioButton.m */ = {isa = PBXFileReference; fileEncoding = 4; lastKnownFileType = sourcecode.c.objc; path = RadioButton.m; sourceTree = "<group>"; };
		ACDC246B1CBE8308003E9715 /* TitleTextContainerView.h */ = {isa = PBXFileReference; fileEncoding = 4; lastKnownFileType = sourcecode.c.h; path = TitleTextContainerView.h; sourceTree = "<group>"; };
		ACDC246C1CBE8308003E9715 /* TitleTextContainerView.m */ = {isa = PBXFileReference; fileEncoding = 4; lastKnownFileType = sourcecode.c.objc; path = TitleTextContainerView.m; sourceTree = "<group>"; };
		ACDC24701CBEAC5F003E9715 /* ProductDetailViewController.h */ = {isa = PBXFileReference; fileEncoding = 4; lastKnownFileType = sourcecode.c.h; path = ProductDetailViewController.h; sourceTree = "<group>"; };
		ACDC24711CBEAC5F003E9715 /* ProductDetailViewController.m */ = {isa = PBXFileReference; fileEncoding = 4; lastKnownFileType = sourcecode.c.objc; path = ProductDetailViewController.m; sourceTree = "<group>"; };
/* End PBXFileReference section */

/* Begin PBXFrameworksBuildPhase section */
		AC68C4551CB51C1F004B78DF /* Frameworks */ = {
			isa = PBXFrameworksBuildPhase;
			buildActionMask = 2147483647;
			files = (
			);
			runOnlyForDeploymentPostprocessing = 0;
		};
/* End PBXFrameworksBuildPhase section */

/* Begin PBXGroup section */
		AC049D171CB7C987006A8F21 /* TextControls */ = {
			isa = PBXGroup;
			children = (
				AC68C47F1CB64241004B78DF /* TextFieldBorderBottom.h */,
				AC68C4801CB64241004B78DF /* TextFieldBorderBottom.m */,
				AC68C4901CB68865004B78DF /* PaddingTextField.h */,
				AC68C4911CB68865004B78DF /* PaddingTextField.m */,
			);
			name = TextControls;
			sourceTree = "<group>";
		};
		AC049D181CB7C99B006A8F21 /* Cells */ = {
			isa = PBXGroup;
			children = (
				AC68C48A1CB67090004B78DF /* ImageCollectionViewCell.h */,
				AC68C48B1CB67090004B78DF /* ImageCollectionViewCell.m */,
				AC049D0C1CB7C7E5006A8F21 /* SearchCollectionViewCell.h */,
				AC049D0D1CB7C7E5006A8F21 /* SearchCollectionViewCell.m */,
			);
			name = Cells;
			sourceTree = "<group>";
		};
		AC411E0A1CBF95D3008B1E38 /* Model */ = {
			isa = PBXGroup;
			children = (
				AC411E3C1CC4E353008B1E38 /* Parcers */,
				AC411E1A1CBF995A008B1E38 /* DB.h */,
				AC411E1B1CBF995A008B1E38 /* DB.m */,
				AC411E171CBF9892008B1E38 /* BaseManagadObject.h */,
				AC411E181CBF9892008B1E38 /* BaseManagadObject.m */,
				AC411E0E1CBF970A008B1E38 /* Advert+CoreDataProperties.h */,
				AC411E0F1CBF970A008B1E38 /* Advert+CoreDataProperties.m */,
				AC411E101CBF970A008B1E38 /* Advert.h */,
				AC411E111CBF970A008B1E38 /* Advert.m */,
				AC411E1D1CBF9CEF008B1E38 /* Image+CoreDataProperties.h */,
				AC411E1E1CBF9CEF008B1E38 /* Image+CoreDataProperties.m */,
				AC411E1F1CBF9CEF008B1E38 /* Image.h */,
				AC411E201CBF9CEF008B1E38 /* Image.m */,
				AC411E0B1CBF9693008B1E38 /* Model.xcdatamodeld */,
			);
			path = Model;
			sourceTree = "<group>";
		};
		AC411E231CBFA207008B1E38 /* Network */ = {
			isa = PBXGroup;
			children = (
				AC411E2A1CBFB832008B1E38 /* ImageLoader.h */,
				AC411E2B1CBFB832008B1E38 /* ImageLoader.m */,
				AC411E241CBFA220008B1E38 /* ImageCacheUrlResolver.h */,
				AC411E251CBFA220008B1E38 /* ImageCacheUrlResolver.m */,
				AC411E2D1CBFBA37008B1E38 /* ImageProtocol.h */,
			);
			path = Network;
			sourceTree = "<group>";
		};
		AC411E3B1CC10346008B1E38 /* CollectionViewLayout */ = {
			isa = PBXGroup;
			children = (
				AC411E341CC0EFB8008B1E38 /* SerachCollectionViewLayout.h */,
				AC411E351CC0EFB8008B1E38 /* SerachCollectionViewLayout.m */,
			);
			name = CollectionViewLayout;
			sourceTree = "<group>";
		};
		AC411E3C1CC4E353008B1E38 /* Parcers */ = {
			isa = PBXGroup;
			children = (
				AC411E3D1CC4E373008B1E38 /* Advert+Parce.h */,
				AC411E3E1CC4E373008B1E38 /* Advert+Parce.m */,
			);
			path = Parcers;
			sourceTree = "<group>";
		};
		AC68C44F1CB51C1F004B78DF = {
			isa = PBXGroup;
			children = (
				AC68C45A1CB51C1F004B78DF /* takestok */,
				AC68C4591CB51C1F004B78DF /* Products */,
			);
			sourceTree = "<group>";
		};
		AC68C4591CB51C1F004B78DF /* Products */ = {
			isa = PBXGroup;
			children = (
				AC68C4581CB51C1F004B78DF /* takestok.app */,
			);
			name = Products;
			sourceTree = "<group>";
		};
		AC68C45A1CB51C1F004B78DF /* takestok */ = {
			isa = PBXGroup;
			children = (
				AC411E231CBFA207008B1E38 /* Network */,
				AC411E0A1CBF95D3008B1E38 /* Model */,
				AC68C4741CB51CB2004B78DF /* Additional */,
				AC68C4731CB51CA3004B78DF /* Views */,
				AC68C4721CB51C90004B78DF /* ViewControllers */,
				AC68C4781CB63D50004B78DF /* Resources */,
				AC68C45E1CB51C1F004B78DF /* AppDelegate.h */,
				AC68C45F1CB51C1F004B78DF /* AppDelegate.m */,
				AC68C4851CB65117004B78DF /* Constants.h */,
				AC68C4641CB51C1F004B78DF /* Main.storyboard */,
				AC68C4691CB51C20004B78DF /* LaunchScreen.storyboard */,
				AC68C46C1CB51C20004B78DF /* Info.plist */,
				AC68C4861CB65227004B78DF /* takestok.pch */,
				AC68C45B1CB51C1F004B78DF /* Supporting Files */,
			);
			path = takestok;
			sourceTree = "<group>";
		};
		AC68C45B1CB51C1F004B78DF /* Supporting Files */ = {
			isa = PBXGroup;
			children = (
				AC68C45C1CB51C1F004B78DF /* main.m */,
			);
			name = "Supporting Files";
			sourceTree = "<group>";
		};
		AC68C4721CB51C90004B78DF /* ViewControllers */ = {
			isa = PBXGroup;
			children = (
				AC049D091CB7C490006A8F21 /* BaseViewController.h */,
				AC049D0A1CB7C490006A8F21 /* BaseViewController.m */,
				AC049D061CB7C47F006A8F21 /* HomeViewController.h */,
				AC049D071CB7C47F006A8F21 /* HomeViewController.m */,
				AC68C4821CB64966004B78DF /* SellViewController.h */,
				AC68C4831CB64966004B78DF /* SellViewController.m */,
				AC049D031CB7C449006A8F21 /* SearchViewController.h */,
				AC049D041CB7C449006A8F21 /* SearchViewController.m */,
				ACDC24701CBEAC5F003E9715 /* ProductDetailViewController.h */,
				ACDC24711CBEAC5F003E9715 /* ProductDetailViewController.m */,
				AC049D1F1CBBD2D7006A8F21 /* LoginViewController.h */,
				AC049D201CBBD2D7006A8F21 /* LoginViewController.m */,
			);
			path = ViewControllers;
			sourceTree = "<group>";
		};
		AC68C4731CB51CA3004B78DF /* Views */ = {
			isa = PBXGroup;
			children = (
				AC411E2E1CBFBB30008B1E38 /* BackgroundImageView.h */,
				AC411E2F1CBFBB30008B1E38 /* BackgroundImageView.m */,
				AC049D141CB7C95D006A8F21 /* UIView+NibLoadView.h */,
				AC049D151CB7C95D006A8F21 /* UIView+NibLoadView.m */,
				ACDC246B1CBE8308003E9715 /* TitleTextContainerView.h */,
				ACDC246C1CBE8308003E9715 /* TitleTextContainerView.m */,
				AC049D171CB7C987006A8F21 /* TextControls */,
				AC049D181CB7C99B006A8F21 /* Cells */,
				AC049D0F1CB7C86A006A8F21 /* SearchFilterSortView.h */,
				AC049D101CB7C86A006A8F21 /* SearchFilterSortView.m */,
				AC411E371CC0F170008B1E38 /* SearchFilterSortView.xib */,
				AC049D1C1CBBBA0A006A8F21 /* SearchTitleView.h */,
				AC049D1D1CBBBA0A006A8F21 /* SearchTitleView.m */,
				AC411E391CC0F309008B1E38 /* SearchTitleView.xib */,
				ACDC24681CBCF610003E9715 /* RadioButton.h */,
				ACDC24691CBCF610003E9715 /* RadioButton.m */,
				AC411E3B1CC10346008B1E38 /* CollectionViewLayout */,
			);
			path = Views;
			sourceTree = "<group>";
		};
		AC68C4741CB51CB2004B78DF /* Additional */ = {
			isa = PBXGroup;
			children = (
				AC411E401CC5002E008B1E38 /* NSDictionary+HandleNil.h */,
				AC411E411CC5002E008B1E38 /* NSDictionary+HandleNil.m */,
				AC411E311CBFBE94008B1E38 /* GUIDCreator.h */,
				AC411E321CBFBE94008B1E38 /* GUIDCreator.m */,
				AC68C4751CB53F3D004B78DF /* CALayer+BorderUIColor.h */,
				AC68C4761CB53F3D004B78DF /* CALayer+BorderUIColor.m */,
				AC68C4871CB6534A004B78DF /* UIImage+ExtendedImage.h */,
				AC68C4881CB6534A004B78DF /* UIImage+ExtendedImage.m */,
				AC411E271CBFA6D0008B1E38 /* NSDate+Extended.h */,
				AC411E281CBFA6D0008B1E38 /* NSDate+Extended.m */,
			);
			path = Additional;
			sourceTree = "<group>";
		};
		AC68C4781CB63D50004B78DF /* Resources */ = {
			isa = PBXGroup;
			children = (
				AC68C47A1CB63DD1004B78DF /* Fonts */,
				AC68C4671CB51C1F004B78DF /* Assets.xcassets */,
			);
			path = Resources;
			sourceTree = "<group>";
		};
		AC68C47A1CB63DD1004B78DF /* Fonts */ = {
			isa = PBXGroup;
			children = (
				AC68C47B1CB63F1B004B78DF /* brandon_bld.otf */,
				AC68C47C1CB63F1B004B78DF /* brandon_reg.otf */,
			);
			path = Fonts;
			sourceTree = "<group>";
		};
/* End PBXGroup section */

/* Begin PBXNativeTarget section */
		AC68C4571CB51C1F004B78DF /* takestok */ = {
			isa = PBXNativeTarget;
			buildConfigurationList = AC68C46F1CB51C20004B78DF /* Build configuration list for PBXNativeTarget "takestok" */;
			buildPhases = (
				AC68C4541CB51C1F004B78DF /* Sources */,
				AC68C4551CB51C1F004B78DF /* Frameworks */,
				AC68C4561CB51C1F004B78DF /* Resources */,
			);
			buildRules = (
			);
			dependencies = (
			);
			name = takestok;
			productName = takestok;
			productReference = AC68C4581CB51C1F004B78DF /* takestok.app */;
			productType = "com.apple.product-type.application";
		};
/* End PBXNativeTarget section */

/* Begin PBXProject section */
		AC68C4501CB51C1F004B78DF /* Project object */ = {
			isa = PBXProject;
			attributes = {
				LastUpgradeCheck = 0730;
				ORGANIZATIONNAME = Artem;
				TargetAttributes = {
					AC68C4571CB51C1F004B78DF = {
						CreatedOnToolsVersion = 7.3;
					};
				};
			};
			buildConfigurationList = AC68C4531CB51C1F004B78DF /* Build configuration list for PBXProject "takestok" */;
			compatibilityVersion = "Xcode 3.2";
			developmentRegion = English;
			hasScannedForEncodings = 0;
			knownRegions = (
				en,
				Base,
			);
			mainGroup = AC68C44F1CB51C1F004B78DF;
			productRefGroup = AC68C4591CB51C1F004B78DF /* Products */;
			projectDirPath = "";
			projectRoot = "";
			targets = (
				AC68C4571CB51C1F004B78DF /* takestok */,
			);
		};
/* End PBXProject section */

/* Begin PBXResourcesBuildPhase section */
		AC68C4561CB51C1F004B78DF /* Resources */ = {
			isa = PBXResourcesBuildPhase;
			buildActionMask = 2147483647;
			files = (
				AC68C46B1CB51C20004B78DF /* LaunchScreen.storyboard in Resources */,
				AC68C4681CB51C1F004B78DF /* Assets.xcassets in Resources */,
				AC68C4661CB51C1F004B78DF /* Main.storyboard in Resources */,
				AC68C47D1CB63F1B004B78DF /* brandon_bld.otf in Resources */,
				AC411E3A1CC0F309008B1E38 /* SearchTitleView.xib in Resources */,
				AC68C47E1CB63F1B004B78DF /* brandon_reg.otf in Resources */,
				AC411E381CC0F170008B1E38 /* SearchFilterSortView.xib in Resources */,
			);
			runOnlyForDeploymentPostprocessing = 0;
		};
/* End PBXResourcesBuildPhase section */

/* Begin PBXSourcesBuildPhase section */
		AC68C4541CB51C1F004B78DF /* Sources */ = {
			isa = PBXSourcesBuildPhase;
			buildActionMask = 2147483647;
			files = (
				AC411E191CBF9892008B1E38 /* BaseManagadObject.m in Sources */,
				AC68C4921CB68865004B78DF /* PaddingTextField.m in Sources */,
				AC411E131CBF970A008B1E38 /* Advert.m in Sources */,
				AC68C4841CB64966004B78DF /* SellViewController.m in Sources */,
				ACDC246D1CBE8308003E9715 /* TitleTextContainerView.m in Sources */,
				AC411E211CBF9CEF008B1E38 /* Image+CoreDataProperties.m in Sources */,
				AC411E1C1CBF995A008B1E38 /* DB.m in Sources */,
				AC049D0B1CB7C490006A8F21 /* BaseViewController.m in Sources */,
				AC049D051CB7C449006A8F21 /* SearchViewController.m in Sources */,
				AC049D081CB7C47F006A8F21 /* HomeViewController.m in Sources */,
				AC411E3F1CC4E373008B1E38 /* Advert+Parce.m in Sources */,
				AC68C4811CB64241004B78DF /* TextFieldBorderBottom.m in Sources */,
				AC411E291CBFA6D0008B1E38 /* NSDate+Extended.m in Sources */,
				AC411E301CBFBB30008B1E38 /* BackgroundImageView.m in Sources */,
				AC411E0D1CBF9693008B1E38 /* Model.xcdatamodeld in Sources */,
				AC411E261CBFA220008B1E38 /* ImageCacheUrlResolver.m in Sources */,
				ACDC24721CBEAC5F003E9715 /* ProductDetailViewController.m in Sources */,
				AC049D1E1CBBBA0A006A8F21 /* SearchTitleView.m in Sources */,
				AC411E421CC5002E008B1E38 /* NSDictionary+HandleNil.m in Sources */,
				AC049D111CB7C86A006A8F21 /* SearchFilterSortView.m in Sources */,
				AC411E361CC0EFB8008B1E38 /* SerachCollectionViewLayout.m in Sources */,
				AC411E121CBF970A008B1E38 /* Advert+CoreDataProperties.m in Sources */,
				AC049D211CBBD2D7006A8F21 /* LoginViewController.m in Sources */,
				AC049D0E1CB7C7E5006A8F21 /* SearchCollectionViewCell.m in Sources */,
				AC68C4771CB53F3D004B78DF /* CALayer+BorderUIColor.m in Sources */,
				AC411E221CBF9CEF008B1E38 /* Image.m in Sources */,
				ACDC246A1CBCF610003E9715 /* RadioButton.m in Sources */,
				AC68C4891CB6534A004B78DF /* UIImage+ExtendedImage.m in Sources */,
				AC411E2C1CBFB832008B1E38 /* ImageLoader.m in Sources */,
				AC68C4601CB51C1F004B78DF /* AppDelegate.m in Sources */,
				AC68C48C1CB67090004B78DF /* ImageCollectionViewCell.m in Sources */,
				AC411E331CBFBE94008B1E38 /* GUIDCreator.m in Sources */,
				AC68C45D1CB51C1F004B78DF /* main.m in Sources */,
				AC049D161CB7C95D006A8F21 /* UIView+NibLoadView.m in Sources */,
			);
			runOnlyForDeploymentPostprocessing = 0;
		};
/* End PBXSourcesBuildPhase section */

/* Begin PBXVariantGroup section */
		AC68C4641CB51C1F004B78DF /* Main.storyboard */ = {
			isa = PBXVariantGroup;
			children = (
				AC68C4651CB51C1F004B78DF /* Base */,
			);
			name = Main.storyboard;
			sourceTree = "<group>";
		};
		AC68C4691CB51C20004B78DF /* LaunchScreen.storyboard */ = {
			isa = PBXVariantGroup;
			children = (
				AC68C46A1CB51C20004B78DF /* Base */,
			);
			name = LaunchScreen.storyboard;
			sourceTree = "<group>";
		};
/* End PBXVariantGroup section */

/* Begin XCBuildConfiguration section */
		AC68C46D1CB51C20004B78DF /* Debug */ = {
			isa = XCBuildConfiguration;
			buildSettings = {
				ALWAYS_SEARCH_USER_PATHS = NO;
				CLANG_ANALYZER_NONNULL = YES;
				CLANG_CXX_LANGUAGE_STANDARD = "gnu++0x";
				CLANG_CXX_LIBRARY = "libc++";
				CLANG_ENABLE_MODULES = YES;
				CLANG_ENABLE_OBJC_ARC = YES;
				CLANG_WARN_BOOL_CONVERSION = YES;
				CLANG_WARN_CONSTANT_CONVERSION = YES;
				CLANG_WARN_DIRECT_OBJC_ISA_USAGE = YES_ERROR;
				CLANG_WARN_EMPTY_BODY = YES;
				CLANG_WARN_ENUM_CONVERSION = YES;
				CLANG_WARN_INT_CONVERSION = YES;
				CLANG_WARN_OBJC_ROOT_CLASS = YES_ERROR;
				CLANG_WARN_UNREACHABLE_CODE = YES;
				CLANG_WARN__DUPLICATE_METHOD_MATCH = YES;
				"CODE_SIGN_IDENTITY[sdk=iphoneos*]" = "iPhone Developer";
				COPY_PHASE_STRIP = NO;
				DEBUG_INFORMATION_FORMAT = dwarf;
				ENABLE_STRICT_OBJC_MSGSEND = YES;
				ENABLE_TESTABILITY = YES;
				GCC_C_LANGUAGE_STANDARD = gnu99;
				GCC_DYNAMIC_NO_PIC = NO;
				GCC_NO_COMMON_BLOCKS = YES;
				GCC_OPTIMIZATION_LEVEL = 0;
				GCC_PREPROCESSOR_DEFINITIONS = (
					"DEBUG=1",
					"$(inherited)",
				);
				GCC_WARN_64_TO_32_BIT_CONVERSION = YES;
				GCC_WARN_ABOUT_RETURN_TYPE = YES_ERROR;
				GCC_WARN_UNDECLARED_SELECTOR = YES;
				GCC_WARN_UNINITIALIZED_AUTOS = YES_AGGRESSIVE;
				GCC_WARN_UNUSED_FUNCTION = YES;
				GCC_WARN_UNUSED_VARIABLE = YES;
				IPHONEOS_DEPLOYMENT_TARGET = 9.3;
				MTL_ENABLE_DEBUG_INFO = YES;
				ONLY_ACTIVE_ARCH = YES;
				SDKROOT = iphoneos;
			};
			name = Debug;
		};
		AC68C46E1CB51C20004B78DF /* Release */ = {
			isa = XCBuildConfiguration;
			buildSettings = {
				ALWAYS_SEARCH_USER_PATHS = NO;
				CLANG_ANALYZER_NONNULL = YES;
				CLANG_CXX_LANGUAGE_STANDARD = "gnu++0x";
				CLANG_CXX_LIBRARY = "libc++";
				CLANG_ENABLE_MODULES = YES;
				CLANG_ENABLE_OBJC_ARC = YES;
				CLANG_WARN_BOOL_CONVERSION = YES;
				CLANG_WARN_CONSTANT_CONVERSION = YES;
				CLANG_WARN_DIRECT_OBJC_ISA_USAGE = YES_ERROR;
				CLANG_WARN_EMPTY_BODY = YES;
				CLANG_WARN_ENUM_CONVERSION = YES;
				CLANG_WARN_INT_CONVERSION = YES;
				CLANG_WARN_OBJC_ROOT_CLASS = YES_ERROR;
				CLANG_WARN_UNREACHABLE_CODE = YES;
				CLANG_WARN__DUPLICATE_METHOD_MATCH = YES;
				"CODE_SIGN_IDENTITY[sdk=iphoneos*]" = "iPhone Developer";
				COPY_PHASE_STRIP = NO;
				DEBUG_INFORMATION_FORMAT = "dwarf-with-dsym";
				ENABLE_NS_ASSERTIONS = NO;
				ENABLE_STRICT_OBJC_MSGSEND = YES;
				GCC_C_LANGUAGE_STANDARD = gnu99;
				GCC_NO_COMMON_BLOCKS = YES;
				GCC_WARN_64_TO_32_BIT_CONVERSION = YES;
				GCC_WARN_ABOUT_RETURN_TYPE = YES_ERROR;
				GCC_WARN_UNDECLARED_SELECTOR = YES;
				GCC_WARN_UNINITIALIZED_AUTOS = YES_AGGRESSIVE;
				GCC_WARN_UNUSED_FUNCTION = YES;
				GCC_WARN_UNUSED_VARIABLE = YES;
				IPHONEOS_DEPLOYMENT_TARGET = 9.3;
				MTL_ENABLE_DEBUG_INFO = NO;
				SDKROOT = iphoneos;
				VALIDATE_PRODUCT = YES;
			};
			name = Release;
		};
		AC68C4701CB51C20004B78DF /* Debug */ = {
			isa = XCBuildConfiguration;
			buildSettings = {
				ASSETCATALOG_COMPILER_APPICON_NAME = AppIcon;
				GCC_PREFIX_HEADER = takestok/takestok.pch;
				INFOPLIST_FILE = takestok/Info.plist;
				IPHONEOS_DEPLOYMENT_TARGET = 8.2;
				LD_RUNPATH_SEARCH_PATHS = "$(inherited) @executable_path/Frameworks";
				PRODUCT_BUNDLE_IDENTIFIER = com.devabit.takestok;
				PRODUCT_NAME = "$(TARGET_NAME)";
			};
			name = Debug;
		};
		AC68C4711CB51C20004B78DF /* Release */ = {
			isa = XCBuildConfiguration;
			buildSettings = {
				ASSETCATALOG_COMPILER_APPICON_NAME = AppIcon;
				GCC_PREFIX_HEADER = takestok/takestok.pch;
				INFOPLIST_FILE = takestok/Info.plist;
				IPHONEOS_DEPLOYMENT_TARGET = 8.2;
				LD_RUNPATH_SEARCH_PATHS = "$(inherited) @executable_path/Frameworks";
				PRODUCT_BUNDLE_IDENTIFIER = com.devabit.takestok;
				PRODUCT_NAME = "$(TARGET_NAME)";
			};
			name = Release;
		};
/* End XCBuildConfiguration section */

/* Begin XCConfigurationList section */
		AC68C4531CB51C1F004B78DF /* Build configuration list for PBXProject "takestok" */ = {
			isa = XCConfigurationList;
			buildConfigurations = (
				AC68C46D1CB51C20004B78DF /* Debug */,
				AC68C46E1CB51C20004B78DF /* Release */,
			);
			defaultConfigurationIsVisible = 0;
			defaultConfigurationName = Release;
		};
		AC68C46F1CB51C20004B78DF /* Build configuration list for PBXNativeTarget "takestok" */ = {
			isa = XCConfigurationList;
			buildConfigurations = (
				AC68C4701CB51C20004B78DF /* Debug */,
				AC68C4711CB51C20004B78DF /* Release */,
			);
			defaultConfigurationIsVisible = 0;
			defaultConfigurationName = Release;
		};
/* End XCConfigurationList section */

/* Begin XCVersionGroup section */
		AC411E0B1CBF9693008B1E38 /* Model.xcdatamodeld */ = {
			isa = XCVersionGroup;
			children = (
				AC411E0C1CBF9693008B1E38 /* Model.xcdatamodel */,
			);
			currentVersion = AC411E0C1CBF9693008B1E38 /* Model.xcdatamodel */;
			path = Model.xcdatamodeld;
			sourceTree = "<group>";
			versionGroupType = wrapper.xcdatamodel;
		};
/* End XCVersionGroup section */
	};
	rootObject = AC68C4501CB51C1F004B78DF /* Project object */;
}
